
Microsoft Visual Studio Solution File, Format Version 12.00
# Visual Studio Version 16
VisualStudioVersion = 25.0.1706.14
MinimumVisualStudioVersion = 10.0.40219.1
Project("{FAE04EC0-301F-11D3-BF4B-00C04F79EFBC}") = "theFootyDataWebAPI", "theFootyDataWebAPI\theFootyDataWebAPI.csproj", "{3708B7BC-AB03-43AA-B59B-E05838F99D31}"
EndProject
Project("{FAE04EC0-301F-11D3-BF4B-00C04F79EFBC}") = "theFootyDataWorkerService", "theFootyDataWorkerService\theFootyDataWorkerService.csproj", "{4B9409F0-90C7-4CF3-AA23-63D77AAA0496}"
EndProject
Global
	GlobalSection(SolutionConfigurationPlatforms) = preSolution
		Debug|Any CPU = Debug|Any CPU
		Release|Any CPU = Release|Any CPU
	EndGlobalSection
	GlobalSection(ProjectConfigurationPlatforms) = postSolution
		{3708B7BC-AB03-43AA-B59B-E05838F99D31}.Debug|Any CPU.ActiveCfg = Debug|Any CPU
		{3708B7BC-AB03-43AA-B59B-E05838F99D31}.Debug|Any CPU.Build.0 = Debug|Any CPU
		{3708B7BC-AB03-43AA-B59B-E05838F99D31}.Release|Any CPU.ActiveCfg = Release|Any CPU
		{3708B7BC-AB03-43AA-B59B-E05838F99D31}.Release|Any CPU.Build.0 = Release|Any CPU
		{4B9409F0-90C7-4CF3-AA23-63D77AAA0496}.Debug|Any CPU.ActiveCfg = Debug|Any CPU
		{4B9409F0-90C7-4CF3-AA23-63D77AAA0496}.Debug|Any CPU.Build.0 = Debug|Any CPU
		{4B9409F0-90C7-4CF3-AA23-63D77AAA0496}.Release|Any CPU.ActiveCfg = Release|Any CPU
		{4B9409F0-90C7-4CF3-AA23-63D77AAA0496}.Release|Any CPU.Build.0 = Release|Any CPU
	EndGlobalSection
	GlobalSection(SolutionProperties) = preSolution
		HideSolutionNode = FALSE
	EndGlobalSection
	GlobalSection(ExtensibilityGlobals) = postSolution
		SolutionGuid = {00DDC1EA-F280-4B61-B18E-6BF7C006B998}
	EndGlobalSection
EndGlobal
